
Microsoft Visual Studio Solution File, Format Version 12.00
# Visual Studio Version 17
VisualStudioVersion = 17.6.33815.320
MinimumVisualStudioVersion = 10.0.40219.1
Project("{9A19103F-16F7-4668-BE54-9A1E7A4F7556}") = "WPFPrismServiceApp", "WPFPrismServiceApp\WPFPrismServiceApp.csproj", "{47F3B649-D8B8-4B61-A206-A49A2479A802}"
EndProject
Project("{2150E333-8FDC-42A3-9474-1A3956D46DE8}") = "Modules", "Modules", "{2D47BAB7-0D7D-4086-92E3-10A230354D1F}"
EndProject
Project("{9A19103F-16F7-4668-BE54-9A1E7A4F7556}") = "WPFPrism.Infrastructure", "WPFPrism.Infrastructure\WPFPrism.Infrastructure.csproj", "{AB4A753F-2873-457E-AEF4-9BE8262A8916}"
EndProject
Project("{9A19103F-16F7-4668-BE54-9A1E7A4F7556}") = "WPFPrism.AnalyticsModule", "Modules\WPFPrism.AnalyticsModule\WPFPrism.AnalyticsModule.csproj", "{749461BF-760F-4D09-83F8-6A57FD4D7EFE}"
EndProject
Project("{9A19103F-16F7-4668-BE54-9A1E7A4F7556}") = "WPFPrism.AuthModule", "Modules\WPFPrism.AuthModule\WPFPrism.AuthModule.csproj", "{F3A48645-AEB4-405D-B87A-9BE9263C3BE8}"
EndProject
Project("{9A19103F-16F7-4668-BE54-9A1E7A4F7556}") = "WPFPrism.ServiceModule", "Modules\WPFPrism.ServiceModule\WPFPrism.ServiceModule.csproj", "{44776464-483A-4A4E-A645-1F04AB090956}"
EndProject
Project("{9A19103F-16F7-4668-BE54-9A1E7A4F7556}") = "WPFPrism.ManagementModule", "Modules\WPFPrism.ManagementModule\WPFPrism.ManagementModule.csproj", "{D6044D9C-5F43-4177-BD4C-52CB306B2181}"
EndProject
Project("{9A19103F-16F7-4668-BE54-9A1E7A4F7556}") = "WPFPrism.HomeModule", "Modules\WPFPrism.HomeModule\WPFPrism.HomeModule.csproj", "{A74D5F4A-EEF5-419D-8DE9-F79583783A57}"
EndProject
Global
	GlobalSection(SolutionConfigurationPlatforms) = preSolution
		Debug|Any CPU = Debug|Any CPU
		Release|Any CPU = Release|Any CPU
	EndGlobalSection
	GlobalSection(ProjectConfigurationPlatforms) = postSolution
		{47F3B649-D8B8-4B61-A206-A49A2479A802}.Debug|Any CPU.ActiveCfg = Debug|Any CPU
		{47F3B649-D8B8-4B61-A206-A49A2479A802}.Debug|Any CPU.Build.0 = Debug|Any CPU
		{47F3B649-D8B8-4B61-A206-A49A2479A802}.Release|Any CPU.ActiveCfg = Release|Any CPU
		{47F3B649-D8B8-4B61-A206-A49A2479A802}.Release|Any CPU.Build.0 = Release|Any CPU
		{AB4A753F-2873-457E-AEF4-9BE8262A8916}.Debug|Any CPU.ActiveCfg = Debug|Any CPU
		{AB4A753F-2873-457E-AEF4-9BE8262A8916}.Debug|Any CPU.Build.0 = Debug|Any CPU
		{AB4A753F-2873-457E-AEF4-9BE8262A8916}.Release|Any CPU.ActiveCfg = Release|Any CPU
		{AB4A753F-2873-457E-AEF4-9BE8262A8916}.Release|Any CPU.Build.0 = Release|Any CPU
		{749461BF-760F-4D09-83F8-6A57FD4D7EFE}.Debug|Any CPU.ActiveCfg = Debug|Any CPU
		{749461BF-760F-4D09-83F8-6A57FD4D7EFE}.Debug|Any CPU.Build.0 = Debug|Any CPU
		{749461BF-760F-4D09-83F8-6A57FD4D7EFE}.Release|Any CPU.ActiveCfg = Release|Any CPU
		{749461BF-760F-4D09-83F8-6A57FD4D7EFE}.Release|Any CPU.Build.0 = Release|Any CPU
		{F3A48645-AEB4-405D-B87A-9BE9263C3BE8}.Debug|Any CPU.ActiveCfg = Debug|Any CPU
		{F3A48645-AEB4-405D-B87A-9BE9263C3BE8}.Debug|Any CPU.Build.0 = Debug|Any CPU
		{F3A48645-AEB4-405D-B87A-9BE9263C3BE8}.Release|Any CPU.ActiveCfg = Release|Any CPU
		{F3A48645-AEB4-405D-B87A-9BE9263C3BE8}.Release|Any CPU.Build.0 = Release|Any CPU
		{44776464-483A-4A4E-A645-1F04AB090956}.Debug|Any CPU.ActiveCfg = Debug|Any CPU
		{44776464-483A-4A4E-A645-1F04AB090956}.Debug|Any CPU.Build.0 = Debug|Any CPU
		{44776464-483A-4A4E-A645-1F04AB090956}.Release|Any CPU.ActiveCfg = Release|Any CPU
		{44776464-483A-4A4E-A645-1F04AB090956}.Release|Any CPU.Build.0 = Release|Any CPU
		{D6044D9C-5F43-4177-BD4C-52CB306B2181}.Debug|Any CPU.ActiveCfg = Debug|Any CPU
		{D6044D9C-5F43-4177-BD4C-52CB306B2181}.Debug|Any CPU.Build.0 = Debug|Any CPU
		{D6044D9C-5F43-4177-BD4C-52CB306B2181}.Release|Any CPU.ActiveCfg = Release|Any CPU
		{D6044D9C-5F43-4177-BD4C-52CB306B2181}.Release|Any CPU.Build.0 = Release|Any CPU
		{A74D5F4A-EEF5-419D-8DE9-F79583783A57}.Debug|Any CPU.ActiveCfg = Debug|Any CPU
		{A74D5F4A-EEF5-419D-8DE9-F79583783A57}.Debug|Any CPU.Build.0 = Debug|Any CPU
		{A74D5F4A-EEF5-419D-8DE9-F79583783A57}.Release|Any CPU.ActiveCfg = Release|Any CPU
		{A74D5F4A-EEF5-419D-8DE9-F79583783A57}.Release|Any CPU.Build.0 = Release|Any CPU
	EndGlobalSection
	GlobalSection(SolutionProperties) = preSolution
		HideSolutionNode = FALSE
	EndGlobalSection
	GlobalSection(NestedProjects) = preSolution
		{749461BF-760F-4D09-83F8-6A57FD4D7EFE} = {2D47BAB7-0D7D-4086-92E3-10A230354D1F}
		{F3A48645-AEB4-405D-B87A-9BE9263C3BE8} = {2D47BAB7-0D7D-4086-92E3-10A230354D1F}
		{44776464-483A-4A4E-A645-1F04AB090956} = {2D47BAB7-0D7D-4086-92E3-10A230354D1F}
		{D6044D9C-5F43-4177-BD4C-52CB306B2181} = {2D47BAB7-0D7D-4086-92E3-10A230354D1F}
		{A74D5F4A-EEF5-419D-8DE9-F79583783A57} = {2D47BAB7-0D7D-4086-92E3-10A230354D1F}
	EndGlobalSection
	GlobalSection(ExtensibilityGlobals) = postSolution
		SolutionGuid = {F5369AE7-3B67-4B4B-B862-08DE3A39716F}
	EndGlobalSection
EndGlobal
